
Microsoft Visual Studio Solution File, Format Version 12.00
# Visual Studio Version 16
VisualStudioVersion = 16.0.30104.148
MinimumVisualStudioVersion = 10.0.40219.1
Project("{FAE04EC0-301F-11D3-BF4B-00C04F79EFBC}") = "VideoAnalytics.Web", "VideoAnalytics.Web\VideoAnalytics.Web.csproj", "{C7C828ED-445A-4164-9285-18A5FA3BF49A}"
EndProject
Global
	GlobalSection(SolutionConfigurationPlatforms) = preSolution
		Debug|Any CPU = Debug|Any CPU
		Release|Any CPU = Release|Any CPU
	EndGlobalSection
	GlobalSection(ProjectConfigurationPlatforms) = postSolution
		{C7C828ED-445A-4164-9285-18A5FA3BF49A}.Debug|Any CPU.ActiveCfg = Debug|Any CPU
		{C7C828ED-445A-4164-9285-18A5FA3BF49A}.Debug|Any CPU.Build.0 = Debug|Any CPU
		{C7C828ED-445A-4164-9285-18A5FA3BF49A}.Release|Any CPU.ActiveCfg = Release|Any CPU
		{C7C828ED-445A-4164-9285-18A5FA3BF49A}.Release|Any CPU.Build.0 = Release|Any CPU
	EndGlobalSection
	GlobalSection(SolutionProperties) = preSolution
		HideSolutionNode = FALSE
	EndGlobalSection
	GlobalSection(ExtensibilityGlobals) = postSolution
		SolutionGuid = {3680AF1A-0371-46B0-B01D-8B16940CDFE7}
	EndGlobalSection
EndGlobal
